
Microsoft Visual Studio Solution File, Format Version 12.00
# Visual Studio Version 16
VisualStudioVersion = 16.0.29009.5
MinimumVisualStudioVersion = 10.0.40219.1
Project("{FAE04EC0-301F-11D3-BF4B-00C04F79EFBC}") = "Lab8Refact", "Lab8Refact\Lab8Refact.csproj", "{24FBF46A-B89A-4422-A87B-E8DEFA160E03}"
EndProject
Global
	GlobalSection(SolutionConfigurationPlatforms) = preSolution
		Debug|Any CPU = Debug|Any CPU
		Release|Any CPU = Release|Any CPU
	EndGlobalSection
	GlobalSection(ProjectConfigurationPlatforms) = postSolution
		{24FBF46A-B89A-4422-A87B-E8DEFA160E03}.Debug|Any CPU.ActiveCfg = Debug|Any CPU
		{24FBF46A-B89A-4422-A87B-E8DEFA160E03}.Debug|Any CPU.Build.0 = Debug|Any CPU
		{24FBF46A-B89A-4422-A87B-E8DEFA160E03}.Release|Any CPU.ActiveCfg = Release|Any CPU
		{24FBF46A-B89A-4422-A87B-E8DEFA160E03}.Release|Any CPU.Build.0 = Release|Any CPU
	EndGlobalSection
	GlobalSection(SolutionProperties) = preSolution
		HideSolutionNode = FALSE
	EndGlobalSection
	GlobalSection(ExtensibilityGlobals) = postSolution
		SolutionGuid = {078A8CBB-FC46-418F-826F-D7695E4199E3}
	EndGlobalSection
EndGlobal
